
Microsoft Visual Studio Solution File, Format Version 12.00
# Visual Studio Version 17
VisualStudioVersion = 17.3.32922.545
MinimumVisualStudioVersion = 10.0.40219.1
Project("{9A19103F-16F7-4668-BE54-9A1E7A4F7556}") = "SimpleSqlServerQueryRunner", "SimpleSqlServerQueryRunner\SimpleSqlServerQueryRunner.csproj", "{06CFEF76-A588-4015-8672-D4E5C7BDEA44}"
EndProject
Project("{9A19103F-16F7-4668-BE54-9A1E7A4F7556}") = "Shared", "Shared\Shared.csproj", "{AE173713-879F-424E-8A84-A1AFD4C10CB7}"
EndProject
Project("{FAE04EC0-301F-11D3-BF4B-00C04F79EFBC}") = "SimpleSqlServerEditorWeb", "SimpleSqlServerEditorWeb\SimpleSqlServerEditorWeb.csproj", "{65A1BBFB-C2C8-4F83-9564-BC3063B72C66}"
EndProject
Global
	GlobalSection(SolutionConfigurationPlatforms) = preSolution
		Debug|Any CPU = Debug|Any CPU
		Release|Any CPU = Release|Any CPU
	EndGlobalSection
	GlobalSection(ProjectConfigurationPlatforms) = postSolution
		{06CFEF76-A588-4015-8672-D4E5C7BDEA44}.Debug|Any CPU.ActiveCfg = Debug|Any CPU
		{06CFEF76-A588-4015-8672-D4E5C7BDEA44}.Debug|Any CPU.Build.0 = Debug|Any CPU
		{06CFEF76-A588-4015-8672-D4E5C7BDEA44}.Release|Any CPU.ActiveCfg = Release|Any CPU
		{06CFEF76-A588-4015-8672-D4E5C7BDEA44}.Release|Any CPU.Build.0 = Release|Any CPU
		{AE173713-879F-424E-8A84-A1AFD4C10CB7}.Debug|Any CPU.ActiveCfg = Debug|Any CPU
		{AE173713-879F-424E-8A84-A1AFD4C10CB7}.Debug|Any CPU.Build.0 = Debug|Any CPU
		{AE173713-879F-424E-8A84-A1AFD4C10CB7}.Release|Any CPU.ActiveCfg = Release|Any CPU
		{AE173713-879F-424E-8A84-A1AFD4C10CB7}.Release|Any CPU.Build.0 = Release|Any CPU
		{65A1BBFB-C2C8-4F83-9564-BC3063B72C66}.Debug|Any CPU.ActiveCfg = Debug|Any CPU
		{65A1BBFB-C2C8-4F83-9564-BC3063B72C66}.Debug|Any CPU.Build.0 = Debug|Any CPU
		{65A1BBFB-C2C8-4F83-9564-BC3063B72C66}.Release|Any CPU.ActiveCfg = Release|Any CPU
		{65A1BBFB-C2C8-4F83-9564-BC3063B72C66}.Release|Any CPU.Build.0 = Release|Any CPU
	EndGlobalSection
	GlobalSection(SolutionProperties) = preSolution
		HideSolutionNode = FALSE
	EndGlobalSection
	GlobalSection(ExtensibilityGlobals) = postSolution
		SolutionGuid = {8C29CA08-9A75-4761-8635-D6600DE2C32A}
	EndGlobalSection
EndGlobal
